{
  "lockfileVersion": 1,
  "configVersion": 1,
  "workspaces": {
    "": {
      "name": "iconia",
      "dependencies": {
        "commander": "14.0.3",
        "ora": "9.3.0",
        "picocolors": "1.1.1",
        "prettier": "3.8.1",
        "svgo": "4.0.1",
        "zod": "4.3.6",
      },
      "devDependencies": {
        "@types/bun": "1.3.11",
        "@types/node": "25.5.2",
        "@types/react": "19.2.14",
        "bun-plugin-dts": "0.4.0",
        "typescript": "6.0.2",
      },
      "peerDependencies": {
        "react": ">=18",
      },
    },
  },
  "packages": {
    "@types/bun": ["@types/bun@1.3.11", "", { "dependencies": { "bun-types": "1.3.11" } }, "sha512-5vPne5QvtpjGpsGYXiFyycfpDF2ECyPcTSsFBMa0fraoxiQyMJ3SmuQIGhzPg2WJuWxVBoxWJ2kClYTcw/4fAg=="],

    "@types/node": ["@types/node@25.5.2", "", { "dependencies": { "undici-types": "~7.18.0" } }, "sha512-tO4ZIRKNC+MDWV4qKVZe3Ql/woTnmHDr5JD8UI5hn2pwBrHEwOEMZK7WlNb5RKB6EoJ02gwmQS9OrjuFnZYdpg=="],

    "@types/react": ["@types/react@19.2.14", "", { "dependencies": { "csstype": "^3.2.2" } }, "sha512-ilcTH/UniCkMdtexkoCN0bI7pMcJDvmQFPvuPvmEaYA/NSfFTAgdUSLAoVjaRJm7+6PvcM+q1zYOwS4wTYMF9w=="],

    "ansi-regex": ["ansi-regex@6.2.2", "", {}, "sha512-Bq3SmSpyFHaWjPk8If9yc6svM8c56dB5BAtW4Qbw5jHTwwXXcTLoRMkpDJp6VL0XzlWaCHTXrkFURMYmD0sLqg=="],

    "ansi-styles": ["ansi-styles@4.3.0", "", { "dependencies": { "color-convert": "^2.0.1" } }, "sha512-zbB9rCJAT1rbjiVDb2hqKFHNYLxgtk8NURxZ3IZwD3F6NtxbXZQCnnSi1Lkx+IDohdPlFp222wVALIheZJQSEg=="],

    "boolbase": ["boolbase@1.0.0", "", {}, "sha512-JZOSA7Mo9sNGB8+UjSgzdLtokWAky1zbztM3WRLCbZ70/3cTANmQmOdR7y2g+J0e2WXywy1yS468tY+IruqEww=="],

    "bun-plugin-dts": ["bun-plugin-dts@0.4.0", "", { "dependencies": { "common-path-prefix": "^3.0.0", "dts-bundle-generator": "^9.5.1", "get-tsconfig": "^4.13.6" } }, "sha512-g/pHy9SuhnUw+E+bHnJvADOnnZlEIci3nvZY8EuQEMwkpC4V4Kmoa2nG9nfda4jmjj+0POlCRCjdqXrL9gjYtA=="],

    "bun-types": ["bun-types@1.3.11", "", { "dependencies": { "@types/node": "*" } }, "sha512-1KGPpoxQWl9f6wcZh57LvrPIInQMn2TQ7jsgxqpRzg+l0QPOFvJVH7HmvHo/AiPgwXy+/Thf6Ov3EdVn1vOabg=="],

    "chalk": ["chalk@5.6.2", "", {}, "sha512-7NzBL0rN6fMUW+f7A6Io4h40qQlG+xGmtMxfbnH/K7TAtt8JQWVQK+6g0UXKMeVJoyV5EkkNsErQ8pVD3bLHbA=="],

    "cli-cursor": ["cli-cursor@5.0.0", "", { "dependencies": { "restore-cursor": "^5.0.0" } }, "sha512-aCj4O5wKyszjMmDT4tZj93kxyydN/K5zPWSCe6/0AV/AA1pqe5ZBIw0a2ZfPQV7lL5/yb5HsUreJ6UFAF1tEQw=="],

    "cli-spinners": ["cli-spinners@3.4.0", "", {}, "sha512-bXfOC4QcT1tKXGorxL3wbJm6XJPDqEnij2gQ2m7ESQuE+/z9YFIWnl/5RpTiKWbMq3EVKR4fRLJGn6DVfu0mpw=="],

    "cliui": ["cliui@8.0.1", "", { "dependencies": { "string-width": "^4.2.0", "strip-ansi": "^6.0.1", "wrap-ansi": "^7.0.0" } }, "sha512-BSeNnyus75C4//NQ9gQt1/csTXyo/8Sb+afLAkzAptFuMsod9HFokGNudZpi/oQV73hnVK+sR+5PVRMd+Dr7YQ=="],

    "color-convert": ["color-convert@2.0.1", "", { "dependencies": { "color-name": "~1.1.4" } }, "sha512-RRECPsj7iu/xb5oKYcsFHSppFNnsj/52OVTRKb4zP5onXwVF3zVmmToNcOfGC+CRDpfK/U584fMg38ZHCaElKQ=="],

    "color-name": ["color-name@1.1.4", "", {}, "sha512-dOy+3AuW3a2wNbZHIuMZpTcgjGuLU/uBL/ubcZF9OXbDo8ff4O8yVp5Bf0efS8uEoYo5q4Fx7dY9OgQGXgAsQA=="],

    "commander": ["commander@14.0.3", "", {}, "sha512-H+y0Jo/T1RZ9qPP4Eh1pkcQcLRglraJaSLoyOtHxu6AapkjWVCy2Sit1QQ4x3Dng8qDlSsZEet7g5Pq06MvTgw=="],

    "common-path-prefix": ["common-path-prefix@3.0.0", "", {}, "sha512-QE33hToZseCH3jS0qN96O/bSh3kaw/h+Tq7ngyY9eWDUnTlTNUyqfqvCXioLe5Na5jFsL78ra/wuBU4iuEgd4w=="],

    "css-select": ["css-select@5.2.2", "", { "dependencies": { "boolbase": "^1.0.0", "css-what": "^6.1.0", "domhandler": "^5.0.2", "domutils": "^3.0.1", "nth-check": "^2.0.1" } }, "sha512-TizTzUddG/xYLA3NXodFM0fSbNizXjOKhqiQQwvhlspadZokn1KDy0NZFS0wuEubIYAV5/c1/lAr0TaaFXEXzw=="],

    "css-tree": ["css-tree@3.2.1", "", { "dependencies": { "mdn-data": "2.27.1", "source-map-js": "^1.2.1" } }, "sha512-X7sjQzceUhu1u7Y/ylrRZFU2FS6LRiFVp6rKLPg23y3x3c3DOKAwuXGDp+PAGjh6CSnCjYeAul8pcT8bAl+lSA=="],

    "css-what": ["css-what@6.2.2", "", {}, "sha512-u/O3vwbptzhMs3L1fQE82ZSLHQQfto5gyZzwteVIEyeaY5Fc7R4dapF/BvRoSYFeqfBk4m0V1Vafq5Pjv25wvA=="],

    "csso": ["csso@5.0.5", "", { "dependencies": { "css-tree": "~2.2.0" } }, "sha512-0LrrStPOdJj+SPCCrGhzryycLjwcgUSHBtxNA8aIDxf0GLsRh1cKYhB00Gd1lDOS4yGH69+SNn13+TWbVHETFQ=="],

    "csstype": ["csstype@3.2.3", "", {}, "sha512-z1HGKcYy2xA8AGQfwrn0PAy+PB7X/GSj3UVJW9qKyn43xWa+gl5nXmU4qqLMRzWVLFC8KusUX8T/0kCiOYpAIQ=="],

    "dom-serializer": ["dom-serializer@2.0.0", "", { "dependencies": { "domelementtype": "^2.3.0", "domhandler": "^5.0.2", "entities": "^4.2.0" } }, "sha512-wIkAryiqt/nV5EQKqQpo3SToSOV9J0DnbJqwK7Wv/Trc92zIAYZ4FlMu+JPFW1DfGFt81ZTCGgDEabffXeLyJg=="],

    "domelementtype": ["domelementtype@2.3.0", "", {}, "sha512-OLETBj6w0OsagBwdXnPdN0cnMfF9opN69co+7ZrbfPGrdpPVNBUj02spi6B1N7wChLQiPn4CSH/zJvXw56gmHw=="],

    "domhandler": ["domhandler@5.0.3", "", { "dependencies": { "domelementtype": "^2.3.0" } }, "sha512-cgwlv/1iFQiFnU96XXgROh8xTeetsnJiDsTc7TYCLFd9+/WNkIqPTxiM/8pSd8VIrhXGTf1Ny1q1hquVqDJB5w=="],

    "domutils": ["domutils@3.2.2", "", { "dependencies": { "dom-serializer": "^2.0.0", "domelementtype": "^2.3.0", "domhandler": "^5.0.3" } }, "sha512-6kZKyUajlDuqlHKVX1w7gyslj9MPIXzIFiz/rGu35uC1wMi+kMhQwGhl4lt9unC9Vb9INnY9Z3/ZA3+FhASLaw=="],

    "dts-bundle-generator": ["dts-bundle-generator@9.5.1", "", { "dependencies": { "typescript": ">=5.0.2", "yargs": "^17.6.0" }, "bin": { "dts-bundle-generator": "dist/bin/dts-bundle-generator.js" } }, "sha512-DxpJOb2FNnEyOzMkG11sxO2dmxPjthoVWxfKqWYJ/bI/rT1rvTMktF5EKjAYrRZu6Z6t3NhOUZ0sZ5ZXevOfbA=="],

    "emoji-regex": ["emoji-regex@8.0.0", "", {}, "sha512-MSjYzcWNOA0ewAHpz0MxpYFvwg6yjy1NG3xteoqz644VCo/RPgnr1/GGt+ic3iJTzQ8Eu3TdM14SawnVUmGE6A=="],

    "entities": ["entities@4.5.0", "", {}, "sha512-V0hjH4dGPh9Ao5p0MoRY6BVqtwCjhz6vI5LT8AJ55H+4g9/4vbHx1I54fS0XuclLhDHArPQCiMjDxjaL8fPxhw=="],

    "escalade": ["escalade@3.2.0", "", {}, "sha512-WUj2qlxaQtO4g6Pq5c29GTcWGDyd8itL8zTlipgECz3JesAiiOKotd8JU6otB3PACgG6xkJUyVhboMS+bje/jA=="],

    "get-caller-file": ["get-caller-file@2.0.5", "", {}, "sha512-DyFP3BM/3YHTQOCUL/w0OZHR0lpKeGrxotcHWcqNEdnltqFwXVfhEBQ94eIo34AfQpo0rGki4cyIiftY06h2Fg=="],

    "get-east-asian-width": ["get-east-asian-width@1.5.0", "", {}, "sha512-CQ+bEO+Tva/qlmw24dCejulK5pMzVnUOFOijVogd3KQs07HnRIgp8TGipvCCRT06xeYEbpbgwaCxglFyiuIcmA=="],

    "get-tsconfig": ["get-tsconfig@4.13.7", "", { "dependencies": { "resolve-pkg-maps": "^1.0.0" } }, "sha512-7tN6rFgBlMgpBML5j8typ92BKFi2sFQvIdpAqLA2beia5avZDrMs0FLZiM5etShWq5irVyGcGMEA1jcDaK7A/Q=="],

    "is-fullwidth-code-point": ["is-fullwidth-code-point@3.0.0", "", {}, "sha512-zymm5+u+sCsSWyD9qNaejV3DFvhCKclKdizYaJUuHA83RLjb7nSuGnddCHGv0hk+KY7BMAlsWeK4Ueg6EV6XQg=="],

    "is-interactive": ["is-interactive@2.0.0", "", {}, "sha512-qP1vozQRI+BMOPcjFzrjXuQvdak2pHNUMZoeG2eRbiSqyvbEf/wQtEOTOX1guk6E3t36RkaqiSt8A/6YElNxLQ=="],

    "is-unicode-supported": ["is-unicode-supported@2.1.0", "", {}, "sha512-mE00Gnza5EEB3Ds0HfMyllZzbBrmLOX3vfWoj9A9PEnTfratQ/BcaJOuMhnkhjXvb2+FkY3VuHqtAGpTPmglFQ=="],

    "log-symbols": ["log-symbols@7.0.1", "", { "dependencies": { "is-unicode-supported": "^2.0.0", "yoctocolors": "^2.1.1" } }, "sha512-ja1E3yCr9i/0hmBVaM0bfwDjnGy8I/s6PP4DFp+yP+a+mrHO4Rm7DtmnqROTUkHIkqffC84YY7AeqX6oFk0WFg=="],

    "mdn-data": ["mdn-data@2.27.1", "", {}, "sha512-9Yubnt3e8A0OKwxYSXyhLymGW4sCufcLG6VdiDdUGVkPhpqLxlvP5vl1983gQjJl3tqbrM731mjaZaP68AgosQ=="],

    "mimic-function": ["mimic-function@5.0.1", "", {}, "sha512-VP79XUPxV2CigYP3jWwAUFSku2aKqBH7uTAapFWCBqutsbmDo96KY5o8uh6U+/YSIn5OxJnXp73beVkpqMIGhA=="],

    "nth-check": ["nth-check@2.1.1", "", { "dependencies": { "boolbase": "^1.0.0" } }, "sha512-lqjrjmaOoAnWfMmBPL+XNnynZh2+swxiX3WUE0s4yEHI6m+AwrK2UZOimIRl3X/4QctVqS8AiZjFqyOGrMXb/w=="],

    "onetime": ["onetime@7.0.0", "", { "dependencies": { "mimic-function": "^5.0.0" } }, "sha512-VXJjc87FScF88uafS3JllDgvAm+c/Slfz06lorj2uAY34rlUu0Nt+v8wreiImcrgAjjIHp1rXpTDlLOGw29WwQ=="],

    "ora": ["ora@9.3.0", "", { "dependencies": { "chalk": "^5.6.2", "cli-cursor": "^5.0.0", "cli-spinners": "^3.2.0", "is-interactive": "^2.0.0", "is-unicode-supported": "^2.1.0", "log-symbols": "^7.0.1", "stdin-discarder": "^0.3.1", "string-width": "^8.1.0" } }, "sha512-lBX72MWFduWEf7v7uWf5DHp9Jn5BI8bNPGuFgtXMmr2uDz2Gz2749y3am3agSDdkhHPHYmmxEGSKH85ZLGzgXw=="],

    "picocolors": ["picocolors@1.1.1", "", {}, "sha512-xceH2snhtb5M9liqDsmEw56le376mTZkEX/jEb/RxNFyegNul7eNslCXP9FDj/Lcu0X8KEyMceP2ntpaHrDEVA=="],

    "prettier": ["prettier@3.8.1", "", { "bin": { "prettier": "bin/prettier.cjs" } }, "sha512-UOnG6LftzbdaHZcKoPFtOcCKztrQ57WkHDeRD9t/PTQtmT0NHSeWWepj6pS0z/N7+08BHFDQVUrfmfMRcZwbMg=="],

    "react": ["react@19.2.4", "", {}, "sha512-9nfp2hYpCwOjAN+8TZFGhtWEwgvWHXqESH8qT89AT/lWklpLON22Lc8pEtnpsZz7VmawabSU0gCjnj8aC0euHQ=="],

    "require-directory": ["require-directory@2.1.1", "", {}, "sha512-fGxEI7+wsG9xrvdjsrlmL22OMTTiHRwAMroiEeMgq8gzoLC/PQr7RsRDSTLUg/bZAZtF+TVIkHc6/4RIKrui+Q=="],

    "resolve-pkg-maps": ["resolve-pkg-maps@1.0.0", "", {}, "sha512-seS2Tj26TBVOC2NIc2rOe2y2ZO7efxITtLZcGSOnHHNOQ7CkiUBfw0Iw2ck6xkIhPwLhKNLS8BO+hEpngQlqzw=="],

    "restore-cursor": ["restore-cursor@5.1.0", "", { "dependencies": { "onetime": "^7.0.0", "signal-exit": "^4.1.0" } }, "sha512-oMA2dcrw6u0YfxJQXm342bFKX/E4sG9rbTzO9ptUcR/e8A33cHuvStiYOwH7fszkZlZ1z/ta9AAoPk2F4qIOHA=="],

    "sax": ["sax@1.6.0", "", {}, "sha512-6R3J5M4AcbtLUdZmRv2SygeVaM7IhrLXu9BmnOGmmACak8fiUtOsYNWUS4uK7upbmHIBbLBeFeI//477BKLBzA=="],

    "signal-exit": ["signal-exit@4.1.0", "", {}, "sha512-bzyZ1e88w9O1iNJbKnOlvYTrWPDl46O1bG0D3XInv+9tkPrxrN8jUUTiFlDkkmKWgn1M6CfIA13SuGqOa9Korw=="],

    "source-map-js": ["source-map-js@1.2.1", "", {}, "sha512-UXWMKhLOwVKb728IUtQPXxfYU+usdybtUrK/8uGE8CQMvrhOpwvzDBwj0QhSL7MQc7vIsISBG8VQ8+IDQxpfQA=="],

    "stdin-discarder": ["stdin-discarder@0.3.1", "", {}, "sha512-reExS1kSGoElkextOcPkel4NE99S0BWxjUHQeDFnR8S993JxpPX7KU4MNmO19NXhlJp+8dmdCbKQVNgLJh2teA=="],

    "string-width": ["string-width@8.2.0", "", { "dependencies": { "get-east-asian-width": "^1.5.0", "strip-ansi": "^7.1.2" } }, "sha512-6hJPQ8N0V0P3SNmP6h2J99RLuzrWz2gvT7VnK5tKvrNqJoyS9W4/Fb8mo31UiPvy00z7DQXkP2hnKBVav76thw=="],

    "strip-ansi": ["strip-ansi@7.2.0", "", { "dependencies": { "ansi-regex": "^6.2.2" } }, "sha512-yDPMNjp4WyfYBkHnjIRLfca1i6KMyGCtsVgoKe/z1+6vukgaENdgGBZt+ZmKPc4gavvEZ5OgHfHdrazhgNyG7w=="],

    "svgo": ["svgo@4.0.1", "", { "dependencies": { "commander": "^11.1.0", "css-select": "^5.1.0", "css-tree": "^3.0.1", "css-what": "^6.1.0", "csso": "^5.0.5", "picocolors": "^1.1.1", "sax": "^1.5.0" }, "bin": "./bin/svgo.js" }, "sha512-XDpWUOPC6FEibaLzjfe0ucaV0YrOjYotGJO1WpF0Zd+n6ZGEQUsSugaoLq9QkEZtAfQIxT42UChcssDVPP3+/w=="],

    "typescript": ["typescript@6.0.2", "", { "bin": { "tsc": "bin/tsc", "tsserver": "bin/tsserver" } }, "sha512-bGdAIrZ0wiGDo5l8c++HWtbaNCWTS4UTv7RaTH/ThVIgjkveJt83m74bBHMJkuCbslY8ixgLBVZJIOiQlQTjfQ=="],

    "undici-types": ["undici-types@7.18.2", "", {}, "sha512-AsuCzffGHJybSaRrmr5eHr81mwJU3kjw6M+uprWvCXiNeN9SOGwQ3Jn8jb8m3Z6izVgknn1R0FTCEAP2QrLY/w=="],

    "wrap-ansi": ["wrap-ansi@7.0.0", "", { "dependencies": { "ansi-styles": "^4.0.0", "string-width": "^4.1.0", "strip-ansi": "^6.0.0" } }, "sha512-YVGIj2kamLSTxw6NsZjoBxfSwsn0ycdesmc4p+Q21c5zPuZ1pl+NfxVdxPtdHvmNVOQ6XSYG4AUtyt/Fi7D16Q=="],

    "y18n": ["y18n@5.0.8", "", {}, "sha512-0pfFzegeDWJHJIAmTLRP2DwHjdF5s7jo9tuztdQxAhINCdvS+3nGINqPd00AphqJR/0LhANUS6/+7SCb98YOfA=="],

    "yargs": ["yargs@17.7.2", "", { "dependencies": { "cliui": "^8.0.1", "escalade": "^3.1.1", "get-caller-file": "^2.0.5", "require-directory": "^2.1.1", "string-width": "^4.2.3", "y18n": "^5.0.5", "yargs-parser": "^21.1.1" } }, "sha512-7dSzzRQ++CKnNI/krKnYRV7JKKPUXMEh61soaHKg9mrWEhzFWhFnxPxGl+69cD1Ou63C13NUPCnmIcrvqCuM6w=="],

    "yargs-parser": ["yargs-parser@21.1.1", "", {}, "sha512-tVpsJW7DdjecAiFpbIB1e3qxIQsE6NoPc5/eTdrbbIC4h0LVsWhnoa3g+m2HclBIujHzsxZ4VJVA+GUuc2/LBw=="],

    "yoctocolors": ["yoctocolors@2.1.2", "", {}, "sha512-CzhO+pFNo8ajLM2d2IW/R93ipy99LWjtwblvC1RsoSUMZgyLbYFr221TnSNT7GjGdYui6P459mw9JH/g/zW2ug=="],

    "zod": ["zod@4.3.6", "", {}, "sha512-rftlrkhHZOcjDwkGlnUtZZkvaPHCsDATp4pGpuOOMDaTdDDXF91wuVDJoWoPsKX/3YPQ5fHuF3STjcYyKr+Qhg=="],

    "bun-types/@types/node": ["@types/node@25.5.0", "", { "dependencies": { "undici-types": "~7.18.0" } }, "sha512-jp2P3tQMSxWugkCUKLRPVUpGaL5MVFwF8RDuSRztfwgN1wmqJeMSbKlnEtQqU8UrhTmzEmZdu2I6v2dpp7XIxw=="],

    "cliui/string-width": ["string-width@4.2.3", "", { "dependencies": { "emoji-regex": "^8.0.0", "is-fullwidth-code-point": "^3.0.0", "strip-ansi": "^6.0.1" } }, "sha512-wKyQRQpjJ0sIp62ErSZdGsjMJWsap5oRNihHhu6G7JVO/9jIB6UyevL+tXuOqrng8j/cxKTWyWUwvSTriiZz/g=="],

    "cliui/strip-ansi": ["strip-ansi@6.0.1", "", { "dependencies": { "ansi-regex": "^5.0.1" } }, "sha512-Y38VPSHcqkFrCpFnQ9vuSXmquuv5oXOKpGeT6aGrr3o3Gc9AlVa6JBfUSOCnbxGGZF+/0ooI7KrPuUSztUdU5A=="],

    "csso/css-tree": ["css-tree@2.2.1", "", { "dependencies": { "mdn-data": "2.0.28", "source-map-js": "^1.0.1" } }, "sha512-OA0mILzGc1kCOCSJerOeqDxDQ4HOh+G8NbOJFOTgOCzpw7fCBubk0fEyxp8AgOL/jvLgYA/uV0cMbe43ElF1JA=="],

    "svgo/commander": ["commander@11.1.0", "", {}, "sha512-yPVavfyCcRhmorC7rWlkHn15b4wDVgVmBA7kV4QVBsF7kv/9TKJAbAXVTxvTnwP8HHKjRCJDClKbciiYS7p0DQ=="],

    "wrap-ansi/string-width": ["string-width@4.2.3", "", { "dependencies": { "emoji-regex": "^8.0.0", "is-fullwidth-code-point": "^3.0.0", "strip-ansi": "^6.0.1" } }, "sha512-wKyQRQpjJ0sIp62ErSZdGsjMJWsap5oRNihHhu6G7JVO/9jIB6UyevL+tXuOqrng8j/cxKTWyWUwvSTriiZz/g=="],

    "wrap-ansi/strip-ansi": ["strip-ansi@6.0.1", "", { "dependencies": { "ansi-regex": "^5.0.1" } }, "sha512-Y38VPSHcqkFrCpFnQ9vuSXmquuv5oXOKpGeT6aGrr3o3Gc9AlVa6JBfUSOCnbxGGZF+/0ooI7KrPuUSztUdU5A=="],

    "yargs/string-width": ["string-width@4.2.3", "", { "dependencies": { "emoji-regex": "^8.0.0", "is-fullwidth-code-point": "^3.0.0", "strip-ansi": "^6.0.1" } }, "sha512-wKyQRQpjJ0sIp62ErSZdGsjMJWsap5oRNihHhu6G7JVO/9jIB6UyevL+tXuOqrng8j/cxKTWyWUwvSTriiZz/g=="],

    "cliui/strip-ansi/ansi-regex": ["ansi-regex@5.0.1", "", {}, "sha512-quJQXlTSUGL2LH9SUXo8VwsY4soanhgo6LNSm84E1LBcE8s3O0wpdiRzyR9z/ZZJMlMWv37qOOb9pdJlMUEKFQ=="],

    "csso/css-tree/mdn-data": ["mdn-data@2.0.28", "", {}, "sha512-aylIc7Z9y4yzHYAJNuESG3hfhC+0Ibp/MAMiaOZgNv4pmEdFyfZhhhny4MNiAfWdBQ1RQ2mfDWmM1x8SvGyp8g=="],

    "wrap-ansi/strip-ansi/ansi-regex": ["ansi-regex@5.0.1", "", {}, "sha512-quJQXlTSUGL2LH9SUXo8VwsY4soanhgo6LNSm84E1LBcE8s3O0wpdiRzyR9z/ZZJMlMWv37qOOb9pdJlMUEKFQ=="],

    "yargs/string-width/strip-ansi": ["strip-ansi@6.0.1", "", { "dependencies": { "ansi-regex": "^5.0.1" } }, "sha512-Y38VPSHcqkFrCpFnQ9vuSXmquuv5oXOKpGeT6aGrr3o3Gc9AlVa6JBfUSOCnbxGGZF+/0ooI7KrPuUSztUdU5A=="],

    "yargs/string-width/strip-ansi/ansi-regex": ["ansi-regex@5.0.1", "", {}, "sha512-quJQXlTSUGL2LH9SUXo8VwsY4soanhgo6LNSm84E1LBcE8s3O0wpdiRzyR9z/ZZJMlMWv37qOOb9pdJlMUEKFQ=="],
  }
}
